
Microsoft Visual Studio Solution File, Format Version 12.00
# Visual Studio Version 17
VisualStudioVersion = 17.9.34902.65
MinimumVisualStudioVersion = 10.0.40219.1
Project("{FAE04EC0-301F-11D3-BF4B-00C04F79EFBC}") = "Libreria", "Libreria\Libreria.csproj", "{575287A9-78D0-4D3A-B8DA-15D26313BA01}"
EndProject
Project("{FAE04EC0-301F-11D3-BF4B-00C04F79EFBC}") = "Ejecutable", "Ejecutable\Ejecutable.csproj", "{C44A391C-8489-45F0-A64F-EC32A482C21C}"
EndProject
Global
	GlobalSection(SolutionConfigurationPlatforms) = preSolution
		Debug|Any CPU = Debug|Any CPU
		Release|Any CPU = Release|Any CPU
	EndGlobalSection
	GlobalSection(ProjectConfigurationPlatforms) = postSolution
		{575287A9-78D0-4D3A-B8DA-15D26313BA01}.Debug|Any CPU.ActiveCfg = Debug|Any CPU
		{575287A9-78D0-4D3A-B8DA-15D26313BA01}.Debug|Any CPU.Build.0 = Debug|Any CPU
		{575287A9-78D0-4D3A-B8DA-15D26313BA01}.Release|Any CPU.ActiveCfg = Release|Any CPU
		{575287A9-78D0-4D3A-B8DA-15D26313BA01}.Release|Any CPU.Build.0 = Release|Any CPU
		{C44A391C-8489-45F0-A64F-EC32A482C21C}.Debug|Any CPU.ActiveCfg = Debug|Any CPU
		{C44A391C-8489-45F0-A64F-EC32A482C21C}.Debug|Any CPU.Build.0 = Debug|Any CPU
		{C44A391C-8489-45F0-A64F-EC32A482C21C}.Release|Any CPU.ActiveCfg = Release|Any CPU
		{C44A391C-8489-45F0-A64F-EC32A482C21C}.Release|Any CPU.Build.0 = Release|Any CPU
	EndGlobalSection
	GlobalSection(SolutionProperties) = preSolution
		HideSolutionNode = FALSE
	EndGlobalSection
	GlobalSection(ExtensibilityGlobals) = postSolution
		SolutionGuid = {BF8867FD-0021-4148-8813-0529C9E65593}
	EndGlobalSection
EndGlobal
